
Microsoft Visual Studio Solution File, Format Version 12.00
# Visual Studio Version 16
VisualStudioVersion = 16.0.30413.136
MinimumVisualStudioVersion = 10.0.40219.1
Project("{FAE04EC0-301F-11D3-BF4B-00C04F79EFBC}") = "Инь", "Инь\Инь.csproj", "{C3A0F89F-B654-467D-8100-6384C9321B18}"
EndProject
Global
	GlobalSection(SolutionConfigurationPlatforms) = preSolution
		Debug|Any CPU = Debug|Any CPU
		Release|Any CPU = Release|Any CPU
	EndGlobalSection
	GlobalSection(ProjectConfigurationPlatforms) = postSolution
		{C3A0F89F-B654-467D-8100-6384C9321B18}.Debug|Any CPU.ActiveCfg = Debug|Any CPU
		{C3A0F89F-B654-467D-8100-6384C9321B18}.Debug|Any CPU.Build.0 = Debug|Any CPU
		{C3A0F89F-B654-467D-8100-6384C9321B18}.Release|Any CPU.ActiveCfg = Release|Any CPU
		{C3A0F89F-B654-467D-8100-6384C9321B18}.Release|Any CPU.Build.0 = Release|Any CPU
	EndGlobalSection
	GlobalSection(SolutionProperties) = preSolution
		HideSolutionNode = FALSE
	EndGlobalSection
	GlobalSection(ExtensibilityGlobals) = postSolution
		SolutionGuid = {AA369856-8D02-4854-8275-29D1D2AE2E3B}
	EndGlobalSection
EndGlobal
